
Microsoft Visual Studio Solution File, Format Version 12.00
# Visual Studio Version 16
VisualStudioVersion = 16.0.32002.261
MinimumVisualStudioVersion = 10.0.40219.1
Project("{FAE04EC0-301F-11D3-BF4B-00C04F79EFBC}") = "1-ValueRef", "1-ValueRef\1-ValueRef.csproj", "{DF7E4A6D-2723-4E4C-99BC-350AD5C71FE0}"
EndProject
Project("{FAE04EC0-301F-11D3-BF4B-00C04F79EFBC}") = "2-StructAndClass", "2-StructAndClass\2-StructAndClass.csproj", "{3B1C6B81-1BDC-48E7-861A-CE5C48C87AC7}"
EndProject
Project("{FAE04EC0-301F-11D3-BF4B-00C04F79EFBC}") = "3-Constructors", "3-Constructors\3-Constructors.csproj", "{2496C734-14FE-4CA9-923C-B859AD8425B1}"
EndProject
Project("{FAE04EC0-301F-11D3-BF4B-00C04F79EFBC}") = "5-Properties", "5-Properties\5-Properties.csproj", "{887D32C8-3628-4CF8-98A0-44CF0965B1B8}"
EndProject
Project("{FAE04EC0-301F-11D3-BF4B-00C04F79EFBC}") = "6-AutomaticProperties", "6-AutomaticProperties\6-AutomaticProperties.csproj", "{5D71E877-695B-49D5-BBCF-B2FE69438C2B}"
EndProject
Project("{FAE04EC0-301F-11D3-BF4B-00C04F79EFBC}") = "7-ObjectInitializer", "7-ObjectInitializer\7-ObjectInitializer.csproj", "{6394C510-DFF7-406D-8BA0-C9E2397DD3CC}"
EndProject
Project("{FAE04EC0-301F-11D3-BF4B-00C04F79EFBC}") = "8-InferenceTypes", "8-InferenceTypes\8-InferenceTypes.csproj", "{B53392A5-DC5B-42A8-B79A-2F82FFF35EF1}"
EndProject
Project("{FAE04EC0-301F-11D3-BF4B-00C04F79EFBC}") = "4-Encapsulation", "4-Encapsulation\4-Encapsulation.csproj", "{80BBC71F-01C2-4DE1-B5C5-E5005B438DFA}"
EndProject
Project("{FAE04EC0-301F-11D3-BF4B-00C04F79EFBC}") = "9-StaticClass", "9-StaticClass\9-StaticClass.csproj", "{9AC7AE72-672E-4CC5-BB91-6B4A80FB6573}"
EndProject
Project("{FAE04EC0-301F-11D3-BF4B-00C04F79EFBC}") = "10-ExtensionMethods", "10-ExtensionMethods\10-ExtensionMethods.csproj", "{4490C71A-6A95-48F0-8C26-19146D673ABC}"
EndProject
Project("{FAE04EC0-301F-11D3-BF4B-00C04F79EFBC}") = "11-PartialClass", "11-PartialClass\11-PartialClass.csproj", "{46B9327B-EF60-4D5E-8581-87B7C532C545}"
EndProject
Project("{FAE04EC0-301F-11D3-BF4B-00C04F79EFBC}") = "12-GenericTypes", "12-GenericTypes\12-GenericTypes.csproj", "{32ACC36D-DC30-487C-BFDC-DF0C0E15E7E4}"
EndProject
Project("{FAE04EC0-301F-11D3-BF4B-00C04F79EFBC}") = "13-NamedParemeter", "13-NamedParemeter\13-NamedParemeter.csproj", "{E458D96C-D912-474F-B83B-528019310B23}"
EndProject
Project("{FAE04EC0-301F-11D3-BF4B-00C04F79EFBC}") = "14-OptionalParameter", "14-OptionalParameter\14-OptionalParameter.csproj", "{D852ADC8-D219-4C87-BAB1-37A66188120F}"
EndProject
Project("{FAE04EC0-301F-11D3-BF4B-00C04F79EFBC}") = "15-OverloadsMethods", "15-OverloadsMethods\15-OverloadsMethods.csproj", "{A87C76AC-F754-4ABD-9593-E949E71879D1}"
EndProject
Project("{FAE04EC0-301F-11D3-BF4B-00C04F79EFBC}") = "16-IndexProperties", "16-IndexProperties\16-IndexProperties.csproj", "{CE4761E6-C5B1-4E3A-8987-8DDB6C998F04}"
EndProject
Global
	GlobalSection(SolutionConfigurationPlatforms) = preSolution
		Debug|Any CPU = Debug|Any CPU
		Release|Any CPU = Release|Any CPU
	EndGlobalSection
	GlobalSection(ProjectConfigurationPlatforms) = postSolution
		{DF7E4A6D-2723-4E4C-99BC-350AD5C71FE0}.Debug|Any CPU.ActiveCfg = Debug|Any CPU
		{DF7E4A6D-2723-4E4C-99BC-350AD5C71FE0}.Debug|Any CPU.Build.0 = Debug|Any CPU
		{DF7E4A6D-2723-4E4C-99BC-350AD5C71FE0}.Release|Any CPU.ActiveCfg = Release|Any CPU
		{DF7E4A6D-2723-4E4C-99BC-350AD5C71FE0}.Release|Any CPU.Build.0 = Release|Any CPU
		{3B1C6B81-1BDC-48E7-861A-CE5C48C87AC7}.Debug|Any CPU.ActiveCfg = Debug|Any CPU
		{3B1C6B81-1BDC-48E7-861A-CE5C48C87AC7}.Debug|Any CPU.Build.0 = Debug|Any CPU
		{3B1C6B81-1BDC-48E7-861A-CE5C48C87AC7}.Release|Any CPU.ActiveCfg = Release|Any CPU
		{3B1C6B81-1BDC-48E7-861A-CE5C48C87AC7}.Release|Any CPU.Build.0 = Release|Any CPU
		{2496C734-14FE-4CA9-923C-B859AD8425B1}.Debug|Any CPU.ActiveCfg = Debug|Any CPU
		{2496C734-14FE-4CA9-923C-B859AD8425B1}.Debug|Any CPU.Build.0 = Debug|Any CPU
		{2496C734-14FE-4CA9-923C-B859AD8425B1}.Release|Any CPU.ActiveCfg = Release|Any CPU
		{2496C734-14FE-4CA9-923C-B859AD8425B1}.Release|Any CPU.Build.0 = Release|Any CPU
		{887D32C8-3628-4CF8-98A0-44CF0965B1B8}.Debug|Any CPU.ActiveCfg = Debug|Any CPU
		{887D32C8-3628-4CF8-98A0-44CF0965B1B8}.Debug|Any CPU.Build.0 = Debug|Any CPU
		{887D32C8-3628-4CF8-98A0-44CF0965B1B8}.Release|Any CPU.ActiveCfg = Release|Any CPU
		{887D32C8-3628-4CF8-98A0-44CF0965B1B8}.Release|Any CPU.Build.0 = Release|Any CPU
		{5D71E877-695B-49D5-BBCF-B2FE69438C2B}.Debug|Any CPU.ActiveCfg = Debug|Any CPU
		{5D71E877-695B-49D5-BBCF-B2FE69438C2B}.Debug|Any CPU.Build.0 = Debug|Any CPU
		{5D71E877-695B-49D5-BBCF-B2FE69438C2B}.Release|Any CPU.ActiveCfg = Release|Any CPU
		{5D71E877-695B-49D5-BBCF-B2FE69438C2B}.Release|Any CPU.Build.0 = Release|Any CPU
		{6394C510-DFF7-406D-8BA0-C9E2397DD3CC}.Debug|Any CPU.ActiveCfg = Debug|Any CPU
		{6394C510-DFF7-406D-8BA0-C9E2397DD3CC}.Debug|Any CPU.Build.0 = Debug|Any CPU
		{6394C510-DFF7-406D-8BA0-C9E2397DD3CC}.Release|Any CPU.ActiveCfg = Release|Any CPU
		{6394C510-DFF7-406D-8BA0-C9E2397DD3CC}.Release|Any CPU.Build.0 = Release|Any CPU
		{B53392A5-DC5B-42A8-B79A-2F82FFF35EF1}.Debug|Any CPU.ActiveCfg = Debug|Any CPU
		{B53392A5-DC5B-42A8-B79A-2F82FFF35EF1}.Debug|Any CPU.Build.0 = Debug|Any CPU
		{B53392A5-DC5B-42A8-B79A-2F82FFF35EF1}.Release|Any CPU.ActiveCfg = Release|Any CPU
		{B53392A5-DC5B-42A8-B79A-2F82FFF35EF1}.Release|Any CPU.Build.0 = Release|Any CPU
		{80BBC71F-01C2-4DE1-B5C5-E5005B438DFA}.Debug|Any CPU.ActiveCfg = Debug|Any CPU
		{80BBC71F-01C2-4DE1-B5C5-E5005B438DFA}.Debug|Any CPU.Build.0 = Debug|Any CPU
		{80BBC71F-01C2-4DE1-B5C5-E5005B438DFA}.Release|Any CPU.ActiveCfg = Release|Any CPU
		{80BBC71F-01C2-4DE1-B5C5-E5005B438DFA}.Release|Any CPU.Build.0 = Release|Any CPU
		{9AC7AE72-672E-4CC5-BB91-6B4A80FB6573}.Debug|Any CPU.ActiveCfg = Debug|Any CPU
		{9AC7AE72-672E-4CC5-BB91-6B4A80FB6573}.Debug|Any CPU.Build.0 = Debug|Any CPU
		{9AC7AE72-672E-4CC5-BB91-6B4A80FB6573}.Release|Any CPU.ActiveCfg = Release|Any CPU
		{9AC7AE72-672E-4CC5-BB91-6B4A80FB6573}.Release|Any CPU.Build.0 = Release|Any CPU
		{4490C71A-6A95-48F0-8C26-19146D673ABC}.Debug|Any CPU.ActiveCfg = Debug|Any CPU
		{4490C71A-6A95-48F0-8C26-19146D673ABC}.Debug|Any CPU.Build.0 = Debug|Any CPU
		{4490C71A-6A95-48F0-8C26-19146D673ABC}.Release|Any CPU.ActiveCfg = Release|Any CPU
		{4490C71A-6A95-48F0-8C26-19146D673ABC}.Release|Any CPU.Build.0 = Release|Any CPU
		{46B9327B-EF60-4D5E-8581-87B7C532C545}.Debug|Any CPU.ActiveCfg = Debug|Any CPU
		{46B9327B-EF60-4D5E-8581-87B7C532C545}.Debug|Any CPU.Build.0 = Debug|Any CPU
		{46B9327B-EF60-4D5E-8581-87B7C532C545}.Release|Any CPU.ActiveCfg = Release|Any CPU
		{46B9327B-EF60-4D5E-8581-87B7C532C545}.Release|Any CPU.Build.0 = Release|Any CPU
		{32ACC36D-DC30-487C-BFDC-DF0C0E15E7E4}.Debug|Any CPU.ActiveCfg = Debug|Any CPU
		{32ACC36D-DC30-487C-BFDC-DF0C0E15E7E4}.Debug|Any CPU.Build.0 = Debug|Any CPU
		{32ACC36D-DC30-487C-BFDC-DF0C0E15E7E4}.Release|Any CPU.ActiveCfg = Release|Any CPU
		{32ACC36D-DC30-487C-BFDC-DF0C0E15E7E4}.Release|Any CPU.Build.0 = Release|Any CPU
		{E458D96C-D912-474F-B83B-528019310B23}.Debug|Any CPU.ActiveCfg = Debug|Any CPU
		{E458D96C-D912-474F-B83B-528019310B23}.Debug|Any CPU.Build.0 = Debug|Any CPU
		{E458D96C-D912-474F-B83B-528019310B23}.Release|Any CPU.ActiveCfg = Release|Any CPU
		{E458D96C-D912-474F-B83B-528019310B23}.Release|Any CPU.Build.0 = Release|Any CPU
		{D852ADC8-D219-4C87-BAB1-37A66188120F}.Debug|Any CPU.ActiveCfg = Debug|Any CPU
		{D852ADC8-D219-4C87-BAB1-37A66188120F}.Debug|Any CPU.Build.0 = Debug|Any CPU
		{D852ADC8-D219-4C87-BAB1-37A66188120F}.Release|Any CPU.ActiveCfg = Release|Any CPU
		{D852ADC8-D219-4C87-BAB1-37A66188120F}.Release|Any CPU.Build.0 = Release|Any CPU
		{A87C76AC-F754-4ABD-9593-E949E71879D1}.Debug|Any CPU.ActiveCfg = Debug|Any CPU
		{A87C76AC-F754-4ABD-9593-E949E71879D1}.Debug|Any CPU.Build.0 = Debug|Any CPU
		{A87C76AC-F754-4ABD-9593-E949E71879D1}.Release|Any CPU.ActiveCfg = Release|Any CPU
		{A87C76AC-F754-4ABD-9593-E949E71879D1}.Release|Any CPU.Build.0 = Release|Any CPU
		{CE4761E6-C5B1-4E3A-8987-8DDB6C998F04}.Debug|Any CPU.ActiveCfg = Debug|Any CPU
		{CE4761E6-C5B1-4E3A-8987-8DDB6C998F04}.Debug|Any CPU.Build.0 = Debug|Any CPU
		{CE4761E6-C5B1-4E3A-8987-8DDB6C998F04}.Release|Any CPU.ActiveCfg = Release|Any CPU
		{CE4761E6-C5B1-4E3A-8987-8DDB6C998F04}.Release|Any CPU.Build.0 = Release|Any CPU
	EndGlobalSection
	GlobalSection(SolutionProperties) = preSolution
		HideSolutionNode = FALSE
	EndGlobalSection
	GlobalSection(ExtensibilityGlobals) = postSolution
		SolutionGuid = {D21D388C-F759-4EFC-8673-B632EBEB646A}
	EndGlobalSection
EndGlobal
